
Microsoft Visual Studio Solution File, Format Version 12.00
# Visual Studio Version 16
VisualStudioVersion = 16.0.29123.89
MinimumVisualStudioVersion = 10.0.40219.1
Project("{9A19103F-16F7-4668-BE54-9A1E7A4F7556}") = "issues11641", "issues11641.csproj", "{05409470-F91D-4691-B678-EFF90A6D2E37}"
EndProject
Global
	GlobalSection(SolutionConfigurationPlatforms) = preSolution
		Debug|Any CPU = Debug|Any CPU
		Release|Any CPU = Release|Any CPU
	EndGlobalSection
	GlobalSection(ProjectConfigurationPlatforms) = postSolution
		{05409470-F91D-4691-B678-EFF90A6D2E37}.Debug|Any CPU.ActiveCfg = Debug|Any CPU
		{05409470-F91D-4691-B678-EFF90A6D2E37}.Debug|Any CPU.Build.0 = Debug|Any CPU
		{05409470-F91D-4691-B678-EFF90A6D2E37}.Release|Any CPU.ActiveCfg = Release|Any CPU
		{05409470-F91D-4691-B678-EFF90A6D2E37}.Release|Any CPU.Build.0 = Release|Any CPU
	EndGlobalSection
	GlobalSection(SolutionProperties) = preSolution
		HideSolutionNode = FALSE
	EndGlobalSection
	GlobalSection(ExtensibilityGlobals) = postSolution
		SolutionGuid = {A8C7E640-C3F8-4C66-8839-1ECBBA629F56}
	EndGlobalSection
EndGlobal
